// !$*UTF8*$!
{
	archiveVersion = 1;
	classes = {
	};
	objectVersion = 55;
	objects = {

/* Begin PBXBuildFile section */
		4D4D6E3B28C136DE005D5C91 /* Tests_iOS.swift in Sources */ = {isa = PBXBuildFile; fileRef = 4D4D6E3A28C136DE005D5C91 /* Tests_iOS.swift */; };
		4D4D6E3D28C136DE005D5C91 /* Tests_iOSLaunchTests.swift in Sources */ = {isa = PBXBuildFile; fileRef = 4D4D6E3C28C136DE005D5C91 /* Tests_iOSLaunchTests.swift */; };
		4D4D6E4728C136DE005D5C91 /* Tests_macOS.swift in Sources */ = {isa = PBXBuildFile; fileRef = 4D4D6E4628C136DE005D5C91 /* Tests_macOS.swift */; };
		4D4D6E4928C136DE005D5C91 /* Tests_macOSLaunchTests.swift in Sources */ = {isa = PBXBuildFile; fileRef = 4D4D6E4828C136DE005D5C91 /* Tests_macOSLaunchTests.swift */; };
		4D4D6E4A28C136DE005D5C91 /* PersonalIssueTracker.xcdatamodeld in Sources */ = {isa = PBXBuildFile; fileRef = 4D4D6E1F28C136DC005D5C91 /* PersonalIssueTracker.xcdatamodeld */; };
		4D4D6E4B28C136DE005D5C91 /* PersonalIssueTracker.xcdatamodeld in Sources */ = {isa = PBXBuildFile; fileRef = 4D4D6E1F28C136DC005D5C91 /* PersonalIssueTracker.xcdatamodeld */; };
		4D4D6E4C28C136DE005D5C91 /* PersonalIssueTrackerApp.swift in Sources */ = {isa = PBXBuildFile; fileRef = 4D4D6E2128C136DC005D5C91 /* PersonalIssueTrackerApp.swift */; };
		4D4D6E4D28C136DE005D5C91 /* PersonalIssueTrackerApp.swift in Sources */ = {isa = PBXBuildFile; fileRef = 4D4D6E2128C136DC005D5C91 /* PersonalIssueTrackerApp.swift */; };
		4D4D6E4E28C136DE005D5C91 /* ContentView.swift in Sources */ = {isa = PBXBuildFile; fileRef = 4D4D6E2228C136DC005D5C91 /* ContentView.swift */; };
		4D4D6E4F28C136DE005D5C91 /* ContentView.swift in Sources */ = {isa = PBXBuildFile; fileRef = 4D4D6E2228C136DC005D5C91 /* ContentView.swift */; };
		4D4D6E5028C136DE005D5C91 /* Persistence.swift in Sources */ = {isa = PBXBuildFile; fileRef = 4D4D6E2328C136DC005D5C91 /* Persistence.swift */; };
		4D4D6E5128C136DE005D5C91 /* Persistence.swift in Sources */ = {isa = PBXBuildFile; fileRef = 4D4D6E2328C136DC005D5C91 /* Persistence.swift */; };
		4D4D6E5228C136DE005D5C91 /* Assets.xcassets in Resources */ = {isa = PBXBuildFile; fileRef = 4D4D6E2428C136DE005D5C91 /* Assets.xcassets */; };
		4D4D6E5328C136DE005D5C91 /* Assets.xcassets in Resources */ = {isa = PBXBuildFile; fileRef = 4D4D6E2428C136DE005D5C91 /* Assets.xcassets */; };
		4D4D6E6328C163BE005D5C91 /* ProjectListView.swift in Sources */ = {isa = PBXBuildFile; fileRef = 4D4D6E6228C163BE005D5C91 /* ProjectListView.swift */; };
		4D4D6E6528C2953C005D5C91 /* AddProjectView.swift in Sources */ = {isa = PBXBuildFile; fileRef = 4D4D6E6428C2953C005D5C91 /* AddProjectView.swift */; };
		4D4D6E6628C2953C005D5C91 /* AddProjectView.swift in Sources */ = {isa = PBXBuildFile; fileRef = 4D4D6E6428C2953C005D5C91 /* AddProjectView.swift */; };
		4D4D6E6928C29EE8005D5C91 /* ProjectListView.swift in Sources */ = {isa = PBXBuildFile; fileRef = 4D4D6E6828C29EE8005D5C91 /* ProjectListView.swift */; };
		4D4D6E6C28C2EB5C005D5C91 /* IssueListView.swift in Sources */ = {isa = PBXBuildFile; fileRef = 4D4D6E6B28C2EB5C005D5C91 /* IssueListView.swift */; };
		4D4D6E6D28C2EB5C005D5C91 /* IssueListView.swift in Sources */ = {isa = PBXBuildFile; fileRef = 4D4D6E6B28C2EB5C005D5C91 /* IssueListView.swift */; };
		4D4D6E6F28C3D30C005D5C91 /* Project.swift in Sources */ = {isa = PBXBuildFile; fileRef = 4D4D6E6E28C3D30C005D5C91 /* Project.swift */; };
		4D4D6E7028C3D30C005D5C91 /* Project.swift in Sources */ = {isa = PBXBuildFile; fileRef = 4D4D6E6E28C3D30C005D5C91 /* Project.swift */; };
		4D4D6E7228C3D71C005D5C91 /* AddIssueView.swift in Sources */ = {isa = PBXBuildFile; fileRef = 4D4D6E7128C3D71C005D5C91 /* AddIssueView.swift */; };
		4D4D6E7328C3D71C005D5C91 /* AddIssueView.swift in Sources */ = {isa = PBXBuildFile; fileRef = 4D4D6E7128C3D71C005D5C91 /* AddIssueView.swift */; };
/* End PBXBuildFile section */

/* Begin PBXContainerItemProxy section */
		4D4D6E3728C136DE005D5C91 /* PBXContainerItemProxy */ = {
			isa = PBXContainerItemProxy;
			containerPortal = 4D4D6E1A28C136DC005D5C91 /* Project object */;
			proxyType = 1;
			remoteGlobalIDString = 4D4D6E2828C136DE005D5C91;
			remoteInfo = "PersonalIssueTracker (iOS)";
		};
		4D4D6E4328C136DE005D5C91 /* PBXContainerItemProxy */ = {
			isa = PBXContainerItemProxy;
			containerPortal = 4D4D6E1A28C136DC005D5C91 /* Project object */;
			proxyType = 1;
			remoteGlobalIDString = 4D4D6E2E28C136DE005D5C91;
			remoteInfo = "PersonalIssueTracker (macOS)";
		};
/* End PBXContainerItemProxy section */

/* Begin PBXFileReference section */
		4D4D6E2028C136DC005D5C91 /* Shared.xcdatamodel */ = {isa = PBXFileReference; lastKnownFileType = wrapper.xcdatamodel; path = Shared.xcdatamodel; sourceTree = "<group>"; };
		4D4D6E2128C136DC005D5C91 /* PersonalIssueTrackerApp.swift */ = {isa = PBXFileReference; lastKnownFileType = sourcecode.swift; path = PersonalIssueTrackerApp.swift; sourceTree = "<group>"; };
		4D4D6E2228C136DC005D5C91 /* ContentView.swift */ = {isa = PBXFileReference; lastKnownFileType = sourcecode.swift; path = ContentView.swift; sourceTree = "<group>"; };
		4D4D6E2328C136DC005D5C91 /* Persistence.swift */ = {isa = PBXFileReference; lastKnownFileType = sourcecode.swift; path = Persistence.swift; sourceTree = "<group>"; };
		4D4D6E2428C136DE005D5C91 /* Assets.xcassets */ = {isa = PBXFileReference; lastKnownFileType = folder.assetcatalog; path = Assets.xcassets; sourceTree = "<group>"; };
		4D4D6E2928C136DE005D5C91 /* PersonalIssueTracker.app */ = {isa = PBXFileReference; explicitFileType = wrapper.application; includeInIndex = 0; path = PersonalIssueTracker.app; sourceTree = BUILT_PRODUCTS_DIR; };
		4D4D6E2F28C136DE005D5C91 /* PersonalIssueTracker.app */ = {isa = PBXFileReference; explicitFileType = wrapper.application; includeInIndex = 0; path = PersonalIssueTracker.app; sourceTree = BUILT_PRODUCTS_DIR; };
		4D4D6E3128C136DE005D5C91 /* macOS.entitlements */ = {isa = PBXFileReference; lastKnownFileType = text.plist.entitlements; path = macOS.entitlements; sourceTree = "<group>"; };
		4D4D6E3628C136DE005D5C91 /* Tests iOS.xctest */ = {isa = PBXFileReference; explicitFileType = wrapper.cfbundle; includeInIndex = 0; path = "Tests iOS.xctest"; sourceTree = BUILT_PRODUCTS_DIR; };
		4D4D6E3A28C136DE005D5C91 /* Tests_iOS.swift */ = {isa = PBXFileReference; lastKnownFileType = sourcecode.swift; path = Tests_iOS.swift; sourceTree = "<group>"; };
		4D4D6E3C28C136DE005D5C91 /* Tests_iOSLaunchTests.swift */ = {isa = PBXFileReference; lastKnownFileType = sourcecode.swift; path = Tests_iOSLaunchTests.swift; sourceTree = "<group>"; };
		4D4D6E4228C136DE005D5C91 /* Tests macOS.xctest */ = {isa = PBXFileReference; explicitFileType = wrapper.cfbundle; includeInIndex = 0; path = "Tests macOS.xctest"; sourceTree = BUILT_PRODUCTS_DIR; };
		4D4D6E4628C136DE005D5C91 /* Tests_macOS.swift */ = {isa = PBXFileReference; lastKnownFileType = sourcecode.swift; path = Tests_macOS.swift; sourceTree = "<group>"; };
		4D4D6E4828C136DE005D5C91 /* Tests_macOSLaunchTests.swift */ = {isa = PBXFileReference; lastKnownFileType = sourcecode.swift; path = Tests_macOSLaunchTests.swift; sourceTree = "<group>"; };
		4D4D6E6228C163BE005D5C91 /* ProjectListView.swift */ = {isa = PBXFileReference; lastKnownFileType = sourcecode.swift; path = ProjectListView.swift; sourceTree = "<group>"; };
		4D4D6E6428C2953C005D5C91 /* AddProjectView.swift */ = {isa = PBXFileReference; lastKnownFileType = sourcecode.swift; path = AddProjectView.swift; sourceTree = "<group>"; };
		4D4D6E6828C29EE8005D5C91 /* ProjectListView.swift */ = {isa = PBXFileReference; lastKnownFileType = sourcecode.swift; path = ProjectListView.swift; sourceTree = "<group>"; };
		4D4D6E6B28C2EB5C005D5C91 /* IssueListView.swift */ = {isa = PBXFileReference; lastKnownFileType = sourcecode.swift; path = IssueListView.swift; sourceTree = "<group>"; };
		4D4D6E6E28C3D30C005D5C91 /* Project.swift */ = {isa = PBXFileReference; lastKnownFileType = sourcecode.swift; path = Project.swift; sourceTree = "<group>"; };
		4D4D6E7128C3D71C005D5C91 /* AddIssueView.swift */ = {isa = PBXFileReference; lastKnownFileType = sourcecode.swift; path = AddIssueView.swift; sourceTree = "<group>"; };
/* End PBXFileReference section */

/* Begin PBXFrameworksBuildPhase section */
		4D4D6E2628C136DE005D5C91 /* Frameworks */ = {
			isa = PBXFrameworksBuildPhase;
			buildActionMask = 2147483647;
			files = (
			);
			runOnlyForDeploymentPostprocessing = 0;
		};
		4D4D6E2C28C136DE005D5C91 /* Frameworks */ = {
			isa = PBXFrameworksBuildPhase;
			buildActionMask = 2147483647;
			files = (
			);
			runOnlyForDeploymentPostprocessing = 0;
		};
		4D4D6E3328C136DE005D5C91 /* Frameworks */ = {
			isa = PBXFrameworksBuildPhase;
			buildActionMask = 2147483647;
			files = (
			);
			runOnlyForDeploymentPostprocessing = 0;
		};
		4D4D6E3F28C136DE005D5C91 /* Frameworks */ = {
			isa = PBXFrameworksBuildPhase;
			buildActionMask = 2147483647;
			files = (
			);
			runOnlyForDeploymentPostprocessing = 0;
		};
/* End PBXFrameworksBuildPhase section */

/* Begin PBXGroup section */
		4D4D6E1928C136DC005D5C91 = {
			isa = PBXGroup;
			children = (
				4D4D6E6728C29EBE005D5C91 /* iOS */,
				4D4D6E1E28C136DC005D5C91 /* Shared */,
				4D4D6E3028C136DE005D5C91 /* macOS */,
				4D4D6E3928C136DE005D5C91 /* Tests iOS */,
				4D4D6E4528C136DE005D5C91 /* Tests macOS */,
				4D4D6E2A28C136DE005D5C91 /* Products */,
			);
			sourceTree = "<group>";
		};
		4D4D6E1E28C136DC005D5C91 /* Shared */ = {
			isa = PBXGroup;
			children = (
				4D4D6E7128C3D71C005D5C91 /* AddIssueView.swift */,
				4D4D6E6428C2953C005D5C91 /* AddProjectView.swift */,
				4D4D6E2428C136DE005D5C91 /* Assets.xcassets */,
				4D4D6E2228C136DC005D5C91 /* ContentView.swift */,
				4D4D6E6B28C2EB5C005D5C91 /* IssueListView.swift */,
				4D4D6E2328C136DC005D5C91 /* Persistence.swift */,
				4D4D6E1F28C136DC005D5C91 /* PersonalIssueTracker.xcdatamodeld */,
				4D4D6E2128C136DC005D5C91 /* PersonalIssueTrackerApp.swift */,
				4D4D6E6E28C3D30C005D5C91 /* Project.swift */,
			);
			path = Shared;
			sourceTree = "<group>";
		};
		4D4D6E2A28C136DE005D5C91 /* Products */ = {
			isa = PBXGroup;
			children = (
				4D4D6E2928C136DE005D5C91 /* PersonalIssueTracker.app */,
				4D4D6E2F28C136DE005D5C91 /* PersonalIssueTracker.app */,
				4D4D6E3628C136DE005D5C91 /* Tests iOS.xctest */,
				4D4D6E4228C136DE005D5C91 /* Tests macOS.xctest */,
			);
			name = Products;
			sourceTree = "<group>";
		};
		4D4D6E3028C136DE005D5C91 /* macOS */ = {
			isa = PBXGroup;
			children = (
				4D4D6E3128C136DE005D5C91 /* macOS.entitlements */,
				4D4D6E6228C163BE005D5C91 /* ProjectListView.swift */,
			);
			path = macOS;
			sourceTree = "<group>";
		};
		4D4D6E3928C136DE005D5C91 /* Tests iOS */ = {
			isa = PBXGroup;
			children = (
				4D4D6E3A28C136DE005D5C91 /* Tests_iOS.swift */,
				4D4D6E3C28C136DE005D5C91 /* Tests_iOSLaunchTests.swift */,
			);
			path = "Tests iOS";
			sourceTree = "<group>";
		};
		4D4D6E4528C136DE005D5C91 /* Tests macOS */ = {
			isa = PBXGroup;
			children = (
				4D4D6E4628C136DE005D5C91 /* Tests_macOS.swift */,
				4D4D6E4828C136DE005D5C91 /* Tests_macOSLaunchTests.swift */,
			);
			path = "Tests macOS";
			sourceTree = "<group>";
		};
		4D4D6E6728C29EBE005D5C91 /* iOS */ = {
			isa = PBXGroup;
			children = (
				4D4D6E6828C29EE8005D5C91 /* ProjectListView.swift */,
			);
			path = iOS;
			sourceTree = "<group>";
		};
/* End PBXGroup section */

/* Begin PBXNativeTarget section */
		4D4D6E2828C136DE005D5C91 /* PersonalIssueTracker (iOS) */ = {
			isa = PBXNativeTarget;
			buildConfigurationList = 4D4D6E5628C136DE005D5C91 /* Build configuration list for PBXNativeTarget "PersonalIssueTracker (iOS)" */;
			buildPhases = (
				4D4D6E2528C136DE005D5C91 /* Sources */,
				4D4D6E2628C136DE005D5C91 /* Frameworks */,
				4D4D6E2728C136DE005D5C91 /* Resources */,
			);
			buildRules = (
			);
			dependencies = (
			);
			name = "PersonalIssueTracker (iOS)";
			productName = "PersonalIssueTracker (iOS)";
			productReference = 4D4D6E2928C136DE005D5C91 /* PersonalIssueTracker.app */;
			productType = "com.apple.product-type.application";
		};
		4D4D6E2E28C136DE005D5C91 /* PersonalIssueTracker (macOS) */ = {
			isa = PBXNativeTarget;
			buildConfigurationList = 4D4D6E5928C136DE005D5C91 /* Build configuration list for PBXNativeTarget "PersonalIssueTracker (macOS)" */;
			buildPhases = (
				4D4D6E2B28C136DE005D5C91 /* Sources */,
				4D4D6E2C28C136DE005D5C91 /* Frameworks */,
				4D4D6E2D28C136DE005D5C91 /* Resources */,
			);
			buildRules = (
			);
			dependencies = (
			);
			name = "PersonalIssueTracker (macOS)";
			productName = "PersonalIssueTracker (macOS)";
			productReference = 4D4D6E2F28C136DE005D5C91 /* PersonalIssueTracker.app */;
			productType = "com.apple.product-type.application";
		};
		4D4D6E3528C136DE005D5C91 /* Tests iOS */ = {
			isa = PBXNativeTarget;
			buildConfigurationList = 4D4D6E5C28C136DE005D5C91 /* Build configuration list for PBXNativeTarget "Tests iOS" */;
			buildPhases = (
				4D4D6E3228C136DE005D5C91 /* Sources */,
				4D4D6E3328C136DE005D5C91 /* Frameworks */,
				4D4D6E3428C136DE005D5C91 /* Resources */,
			);
			buildRules = (
			);
			dependencies = (
				4D4D6E3828C136DE005D5C91 /* PBXTargetDependency */,
			);
			name = "Tests iOS";
			productName = "Tests iOS";
			productReference = 4D4D6E3628C136DE005D5C91 /* Tests iOS.xctest */;
			productType = "com.apple.product-type.bundle.ui-testing";
		};
		4D4D6E4128C136DE005D5C91 /* Tests macOS */ = {
			isa = PBXNativeTarget;
			buildConfigurationList = 4D4D6E5F28C136DE005D5C91 /* Build configuration list for PBXNativeTarget "Tests macOS" */;
			buildPhases = (
				4D4D6E3E28C136DE005D5C91 /* Sources */,
				4D4D6E3F28C136DE005D5C91 /* Frameworks */,
				4D4D6E4028C136DE005D5C91 /* Resources */,
			);
			buildRules = (
			);
			dependencies = (
				4D4D6E4428C136DE005D5C91 /* PBXTargetDependency */,
			);
			name = "Tests macOS";
			productName = "Tests macOS";
			productReference = 4D4D6E4228C136DE005D5C91 /* Tests macOS.xctest */;
			productType = "com.apple.product-type.bundle.ui-testing";
		};
/* End PBXNativeTarget section */

/* Begin PBXProject section */
		4D4D6E1A28C136DC005D5C91 /* Project object */ = {
			isa = PBXProject;
			attributes = {
				BuildIndependentTargetsInParallel = 1;
				LastSwiftUpdateCheck = 1340;
				LastUpgradeCheck = 1340;
				TargetAttributes = {
					4D4D6E2828C136DE005D5C91 = {
						CreatedOnToolsVersion = 13.4;
					};
					4D4D6E2E28C136DE005D5C91 = {
						CreatedOnToolsVersion = 13.4;
					};
					4D4D6E3528C136DE005D5C91 = {
						CreatedOnToolsVersion = 13.4;
						TestTargetID = 4D4D6E2828C136DE005D5C91;
					};
					4D4D6E4128C136DE005D5C91 = {
						CreatedOnToolsVersion = 13.4;
						TestTargetID = 4D4D6E2E28C136DE005D5C91;
					};
				};
			};
			buildConfigurationList = 4D4D6E1D28C136DC005D5C91 /* Build configuration list for PBXProject "PersonalIssueTracker" */;
			compatibilityVersion = "Xcode 13.0";
			developmentRegion = en;
			hasScannedForEncodings = 0;
			knownRegions = (
				en,
				Base,
			);
			mainGroup = 4D4D6E1928C136DC005D5C91;
			productRefGroup = 4D4D6E2A28C136DE005D5C91 /* Products */;
			projectDirPath = "";
			projectRoot = "";
			targets = (
				4D4D6E2828C136DE005D5C91 /* PersonalIssueTracker (iOS) */,
				4D4D6E2E28C136DE005D5C91 /* PersonalIssueTracker (macOS) */,
				4D4D6E3528C136DE005D5C91 /* Tests iOS */,
				4D4D6E4128C136DE005D5C91 /* Tests macOS */,
			);
		};
/* End PBXProject section */

/* Begin PBXResourcesBuildPhase section */
		4D4D6E2728C136DE005D5C91 /* Resources */ = {
			isa = PBXResourcesBuildPhase;
			buildActionMask = 2147483647;
			files = (
				4D4D6E5228C136DE005D5C91 /* Assets.xcassets in Resources */,
			);
			runOnlyForDeploymentPostprocessing = 0;
		};
		4D4D6E2D28C136DE005D5C91 /* Resources */ = {
			isa = PBXResourcesBuildPhase;
			buildActionMask = 2147483647;
			files = (
				4D4D6E5328C136DE005D5C91 /* Assets.xcassets in Resources */,
			);
			runOnlyForDeploymentPostprocessing = 0;
		};
		4D4D6E3428C136DE005D5C91 /* Resources */ = {
			isa = PBXResourcesBuildPhase;
			buildActionMask = 2147483647;
			files = (
			);
			runOnlyForDeploymentPostprocessing = 0;
		};
		4D4D6E4028C136DE005D5C91 /* Resources */ = {
			isa = PBXResourcesBuildPhase;
			buildActionMask = 2147483647;
			files = (
			);
			runOnlyForDeploymentPostprocessing = 0;
		};
/* End PBXResourcesBuildPhase section */

/* Begin PBXSourcesBuildPhase section */
		4D4D6E2528C136DE005D5C91 /* Sources */ = {
			isa = PBXSourcesBuildPhase;
			buildActionMask = 2147483647;
			files = (
				4D4D6E6528C2953C005D5C91 /* AddProjectView.swift in Sources */,
				4D4D6E4C28C136DE005D5C91 /* PersonalIssueTrackerApp.swift in Sources */,
				4D4D6E5028C136DE005D5C91 /* Persistence.swift in Sources */,
				4D4D6E7228C3D71C005D5C91 /* AddIssueView.swift in Sources */,
				4D4D6E6C28C2EB5C005D5C91 /* IssueListView.swift in Sources */,
				4D4D6E4A28C136DE005D5C91 /* PersonalIssueTracker.xcdatamodeld in Sources */,
				4D4D6E6928C29EE8005D5C91 /* ProjectListView.swift in Sources */,
				4D4D6E4E28C136DE005D5C91 /* ContentView.swift in Sources */,
				4D4D6E6F28C3D30C005D5C91 /* Project.swift in Sources */,
			);
			runOnlyForDeploymentPostprocessing = 0;
		};
		4D4D6E2B28C136DE005D5C91 /* Sources */ = {
			isa = PBXSourcesBuildPhase;
			buildActionMask = 2147483647;
			files = (
				4D4D6E6628C2953C005D5C91 /* AddProjectView.swift in Sources */,
				4D4D6E4D28C136DE005D5C91 /* PersonalIssueTrackerApp.swift in Sources */,
				4D4D6E5128C136DE005D5C91 /* Persistence.swift in Sources */,
				4D4D6E7328C3D71C005D5C91 /* AddIssueView.swift in Sources */,
				4D4D6E6D28C2EB5C005D5C91 /* IssueListView.swift in Sources */,
				4D4D6E4B28C136DE005D5C91 /* PersonalIssueTracker.xcdatamodeld in Sources */,
				4D4D6E4F28C136DE005D5C91 /* ContentView.swift in Sources */,
				4D4D6E6328C163BE005D5C91 /* ProjectListView.swift in Sources */,
				4D4D6E7028C3D30C005D5C91 /* Project.swift in Sources */,
			);
			runOnlyForDeploymentPostprocessing = 0;
		};
		4D4D6E3228C136DE005D5C91 /* Sources */ = {
			isa = PBXSourcesBuildPhase;
			buildActionMask = 2147483647;
			files = (
				4D4D6E3D28C136DE005D5C91 /* Tests_iOSLaunchTests.swift in Sources */,
				4D4D6E3B28C136DE005D5C91 /* Tests_iOS.swift in Sources */,
			);
			runOnlyForDeploymentPostprocessing = 0;
		};
		4D4D6E3E28C136DE005D5C91 /* Sources */ = {
			isa = PBXSourcesBuildPhase;
			buildActionMask = 2147483647;
			files = (
				4D4D6E4928C136DE005D5C91 /* Tests_macOSLaunchTests.swift in Sources */,
				4D4D6E4728C136DE005D5C91 /* Tests_macOS.swift in Sources */,
			);
			runOnlyForDeploymentPostprocessing = 0;
		};
/* End PBXSourcesBuildPhase section */

/* Begin PBXTargetDependency section */
		4D4D6E3828C136DE005D5C91 /* PBXTargetDependency */ = {
			isa = PBXTargetDependency;
			target = 4D4D6E2828C136DE005D5C91 /* PersonalIssueTracker (iOS) */;
			targetProxy = 4D4D6E3728C136DE005D5C91 /* PBXContainerItemProxy */;
		};
		4D4D6E4428C136DE005D5C91 /* PBXTargetDependency */ = {
			isa = PBXTargetDependency;
			target = 4D4D6E2E28C136DE005D5C91 /* PersonalIssueTracker (macOS) */;
			targetProxy = 4D4D6E4328C136DE005D5C91 /* PBXContainerItemProxy */;
		};
/* End PBXTargetDependency section */

/* Begin XCBuildConfiguration section */
		4D4D6E5428C136DE005D5C91 /* Debug */ = {
			isa = XCBuildConfiguration;
			buildSettings = {
				ALWAYS_SEARCH_USER_PATHS = NO;
				CLANG_ANALYZER_NONNULL = YES;
				CLANG_ANALYZER_NUMBER_OBJECT_CONVERSION = YES_AGGRESSIVE;
				CLANG_CXX_LANGUAGE_STANDARD = "gnu++17";
				CLANG_ENABLE_MODULES = YES;
				CLANG_ENABLE_OBJC_ARC = YES;
				CLANG_ENABLE_OBJC_WEAK = YES;
				CLANG_WARN_BLOCK_CAPTURE_AUTORELEASING = YES;
				CLANG_WARN_BOOL_CONVERSION = YES;
				CLANG_WARN_COMMA = YES;
				CLANG_WARN_CONSTANT_CONVERSION = YES;
				CLANG_WARN_DEPRECATED_OBJC_IMPLEMENTATIONS = YES;
				CLANG_WARN_DIRECT_OBJC_ISA_USAGE = YES_ERROR;
				CLANG_WARN_DOCUMENTATION_COMMENTS = YES;
				CLANG_WARN_EMPTY_BODY = YES;
				CLANG_WARN_ENUM_CONVERSION = YES;
				CLANG_WARN_INFINITE_RECURSION = YES;
				CLANG_WARN_INT_CONVERSION = YES;
				CLANG_WARN_NON_LITERAL_NULL_CONVERSION = YES;
				CLANG_WARN_OBJC_IMPLICIT_RETAIN_SELF = YES;
				CLANG_WARN_OBJC_LITERAL_CONVERSION = YES;
				CLANG_WARN_OBJC_ROOT_CLASS = YES_ERROR;
				CLANG_WARN_QUOTED_INCLUDE_IN_FRAMEWORK_HEADER = YES;
				CLANG_WARN_RANGE_LOOP_ANALYSIS = YES;
				CLANG_WARN_STRICT_PROTOTYPES = YES;
				CLANG_WARN_SUSPICIOUS_MOVE = YES;
				CLANG_WARN_UNGUARDED_AVAILABILITY = YES_AGGRESSIVE;
				CLANG_WARN_UNREACHABLE_CODE = YES;
				CLANG_WARN__DUPLICATE_METHOD_MATCH = YES;
				COPY_PHASE_STRIP = NO;
				DEBUG_INFORMATION_FORMAT = dwarf;
				ENABLE_STRICT_OBJC_MSGSEND = YES;
				ENABLE_TESTABILITY = YES;
				GCC_C_LANGUAGE_STANDARD = gnu11;
				GCC_DYNAMIC_NO_PIC = NO;
				GCC_NO_COMMON_BLOCKS = YES;
				GCC_OPTIMIZATION_LEVEL = 0;
				GCC_PREPROCESSOR_DEFINITIONS = (
					"DEBUG=1",
					"$(inherited)",
				);
				GCC_WARN_64_TO_32_BIT_CONVERSION = YES;
				GCC_WARN_ABOUT_RETURN_TYPE = YES_ERROR;
				GCC_WARN_UNDECLARED_SELECTOR = YES;
				GCC_WARN_UNINITIALIZED_AUTOS = YES_AGGRESSIVE;
				GCC_WARN_UNUSED_FUNCTION = YES;
				GCC_WARN_UNUSED_VARIABLE = YES;
				MTL_ENABLE_DEBUG_INFO = INCLUDE_SOURCE;
				MTL_FAST_MATH = YES;
				ONLY_ACTIVE_ARCH = YES;
				SWIFT_ACTIVE_COMPILATION_CONDITIONS = DEBUG;
				SWIFT_OPTIMIZATION_LEVEL = "-Onone";
			};
			name = Debug;
		};
		4D4D6E5528C136DE005D5C91 /* Release */ = {
			isa = XCBuildConfiguration;
			buildSettings = {
				ALWAYS_SEARCH_USER_PATHS = NO;
				CLANG_ANALYZER_NONNULL = YES;
				CLANG_ANALYZER_NUMBER_OBJECT_CONVERSION = YES_AGGRESSIVE;
				CLANG_CXX_LANGUAGE_STANDARD = "gnu++17";
				CLANG_ENABLE_MODULES = YES;
				CLANG_ENABLE_OBJC_ARC = YES;
				CLANG_ENABLE_OBJC_WEAK = YES;
				CLANG_WARN_BLOCK_CAPTURE_AUTORELEASING = YES;
				CLANG_WARN_BOOL_CONVERSION = YES;
				CLANG_WARN_COMMA = YES;
				CLANG_WARN_CONSTANT_CONVERSION = YES;
				CLANG_WARN_DEPRECATED_OBJC_IMPLEMENTATIONS = YES;
				CLANG_WARN_DIRECT_OBJC_ISA_USAGE = YES_ERROR;
				CLANG_WARN_DOCUMENTATION_COMMENTS = YES;
				CLANG_WARN_EMPTY_BODY = YES;
				CLANG_WARN_ENUM_CONVERSION = YES;
				CLANG_WARN_INFINITE_RECURSION = YES;
				CLANG_WARN_INT_CONVERSION = YES;
				CLANG_WARN_NON_LITERAL_NULL_CONVERSION = YES;
				CLANG_WARN_OBJC_IMPLICIT_RETAIN_SELF = YES;
				CLANG_WARN_OBJC_LITERAL_CONVERSION = YES;
				CLANG_WARN_OBJC_ROOT_CLASS = YES_ERROR;
				CLANG_WARN_QUOTED_INCLUDE_IN_FRAMEWORK_HEADER = YES;
				CLANG_WARN_RANGE_LOOP_ANALYSIS = YES;
				CLANG_WARN_STRICT_PROTOTYPES = YES;
				CLANG_WARN_SUSPICIOUS_MOVE = YES;
				CLANG_WARN_UNGUARDED_AVAILABILITY = YES_AGGRESSIVE;
				CLANG_WARN_UNREACHABLE_CODE = YES;
				CLANG_WARN__DUPLICATE_METHOD_MATCH = YES;
				COPY_PHASE_STRIP = NO;
				DEBUG_INFORMATION_FORMAT = "dwarf-with-dsym";
				ENABLE_NS_ASSERTIONS = NO;
				ENABLE_STRICT_OBJC_MSGSEND = YES;
				GCC_C_LANGUAGE_STANDARD = gnu11;
				GCC_NO_COMMON_BLOCKS = YES;
				GCC_WARN_64_TO_32_BIT_CONVERSION = YES;
				GCC_WARN_ABOUT_RETURN_TYPE = YES_ERROR;
				GCC_WARN_UNDECLARED_SELECTOR = YES;
				GCC_WARN_UNINITIALIZED_AUTOS = YES_AGGRESSIVE;
				GCC_WARN_UNUSED_FUNCTION = YES;
				GCC_WARN_UNUSED_VARIABLE = YES;
				MTL_ENABLE_DEBUG_INFO = NO;
				MTL_FAST_MATH = YES;
				SWIFT_COMPILATION_MODE = wholemodule;
				SWIFT_OPTIMIZATION_LEVEL = "-O";
			};
			name = Release;
		};
		4D4D6E5728C136DE005D5C91 /* Debug */ = {
			isa = XCBuildConfiguration;
			buildSettings = {
				ASSETCATALOG_COMPILER_APPICON_NAME = AppIcon;
				ASSETCATALOG_COMPILER_GLOBAL_ACCENT_COLOR_NAME = AccentColor;
				CODE_SIGN_STYLE = Automatic;
				CURRENT_PROJECT_VERSION = 1;
				DEVELOPMENT_TEAM = SJHNKGG86R;
				ENABLE_PREVIEWS = YES;
				GENERATE_INFOPLIST_FILE = YES;
				INFOPLIST_KEY_UIApplicationSceneManifest_Generation = YES;
				INFOPLIST_KEY_UIApplicationSupportsIndirectInputEvents = YES;
				INFOPLIST_KEY_UILaunchScreen_Generation = YES;
				INFOPLIST_KEY_UISupportedInterfaceOrientations_iPad = "UIInterfaceOrientationPortrait UIInterfaceOrientationPortraitUpsideDown UIInterfaceOrientationLandscapeLeft UIInterfaceOrientationLandscapeRight";
				INFOPLIST_KEY_UISupportedInterfaceOrientations_iPhone = "UIInterfaceOrientationPortrait UIInterfaceOrientationLandscapeLeft UIInterfaceOrientationLandscapeRight";
				IPHONEOS_DEPLOYMENT_TARGET = 14.0;
				LD_RUNPATH_SEARCH_PATHS = (
					"$(inherited)",
					"@executable_path/Frameworks",
				);
				MARKETING_VERSION = 1.0;
				PRODUCT_BUNDLE_IDENTIFIER = com.SwiftDevJournal.PersonalIssueTracker;
				PRODUCT_NAME = PersonalIssueTracker;
				SDKROOT = iphoneos;
				SWIFT_EMIT_LOC_STRINGS = YES;
				SWIFT_VERSION = 5.0;
				TARGETED_DEVICE_FAMILY = "1,2";
			};
			name = Debug;
		};
		4D4D6E5828C136DE005D5C91 /* Release */ = {
			isa = XCBuildConfiguration;
			buildSettings = {
				ASSETCATALOG_COMPILER_APPICON_NAME = AppIcon;
				ASSETCATALOG_COMPILER_GLOBAL_ACCENT_COLOR_NAME = AccentColor;
				CODE_SIGN_STYLE = Automatic;
				CURRENT_PROJECT_VERSION = 1;
				DEVELOPMENT_TEAM = SJHNKGG86R;
				ENABLE_PREVIEWS = YES;
				GENERATE_INFOPLIST_FILE = YES;
				INFOPLIST_KEY_UIApplicationSceneManifest_Generation = YES;
				INFOPLIST_KEY_UIApplicationSupportsIndirectInputEvents = YES;
				INFOPLIST_KEY_UILaunchScreen_Generation = YES;
				INFOPLIST_KEY_UISupportedInterfaceOrientations_iPad = "UIInterfaceOrientationPortrait UIInterfaceOrientationPortraitUpsideDown UIInterfaceOrientationLandscapeLeft UIInterfaceOrientationLandscapeRight";
				INFOPLIST_KEY_UISupportedInterfaceOrientations_iPhone = "UIInterfaceOrientationPortrait UIInterfaceOrientationLandscapeLeft UIInterfaceOrientationLandscapeRight";
				IPHONEOS_DEPLOYMENT_TARGET = 14.0;
				LD_RUNPATH_SEARCH_PATHS = (
					"$(inherited)",
					"@executable_path/Frameworks",
				);
				MARKETING_VERSION = 1.0;
				PRODUCT_BUNDLE_IDENTIFIER = com.SwiftDevJournal.PersonalIssueTracker;
				PRODUCT_NAME = PersonalIssueTracker;
				SDKROOT = iphoneos;
				SWIFT_EMIT_LOC_STRINGS = YES;
				SWIFT_VERSION = 5.0;
				TARGETED_DEVICE_FAMILY = "1,2";
				VALIDATE_PRODUCT = YES;
			};
			name = Release;
		};
		4D4D6E5A28C136DE005D5C91 /* Debug */ = {
			isa = XCBuildConfiguration;
			buildSettings = {
				ASSETCATALOG_COMPILER_APPICON_NAME = AppIcon;
				ASSETCATALOG_COMPILER_GLOBAL_ACCENT_COLOR_NAME = AccentColor;
				CODE_SIGN_ENTITLEMENTS = macOS/macOS.entitlements;
				CODE_SIGN_STYLE = Automatic;
				COMBINE_HIDPI_IMAGES = YES;
				CURRENT_PROJECT_VERSION = 1;
				DEVELOPMENT_TEAM = SJHNKGG86R;
				ENABLE_HARDENED_RUNTIME = YES;
				ENABLE_PREVIEWS = YES;
				GENERATE_INFOPLIST_FILE = YES;
				INFOPLIST_KEY_NSHumanReadableCopyright = "";
				LD_RUNPATH_SEARCH_PATHS = (
					"$(inherited)",
					"@executable_path/../Frameworks",
				);
				MACOSX_DEPLOYMENT_TARGET = 11.0;
				MARKETING_VERSION = 1.0;
				PRODUCT_BUNDLE_IDENTIFIER = com.SwiftDevJournal.PersonalIssueTracker;
				PRODUCT_NAME = PersonalIssueTracker;
				SDKROOT = macosx;
				SWIFT_EMIT_LOC_STRINGS = YES;
				SWIFT_VERSION = 5.0;
			};
			name = Debug;
		};
		4D4D6E5B28C136DE005D5C91 /* Release */ = {
			isa = XCBuildConfiguration;
			buildSettings = {
				ASSETCATALOG_COMPILER_APPICON_NAME = AppIcon;
				ASSETCATALOG_COMPILER_GLOBAL_ACCENT_COLOR_NAME = AccentColor;
				CODE_SIGN_ENTITLEMENTS = macOS/macOS.entitlements;
				CODE_SIGN_STYLE = Automatic;
				COMBINE_HIDPI_IMAGES = YES;
				CURRENT_PROJECT_VERSION = 1;
				DEVELOPMENT_TEAM = SJHNKGG86R;
				ENABLE_HARDENED_RUNTIME = YES;
				ENABLE_PREVIEWS = YES;
				GENERATE_INFOPLIST_FILE = YES;
				INFOPLIST_KEY_NSHumanReadableCopyright = "";
				LD_RUNPATH_SEARCH_PATHS = (
					"$(inherited)",
					"@executable_path/../Frameworks",
				);
				MACOSX_DEPLOYMENT_TARGET = 11.0;
				MARKETING_VERSION = 1.0;
				PRODUCT_BUNDLE_IDENTIFIER = com.SwiftDevJournal.PersonalIssueTracker;
				PRODUCT_NAME = PersonalIssueTracker;
				SDKROOT = macosx;
				SWIFT_EMIT_LOC_STRINGS = YES;
				SWIFT_VERSION = 5.0;
			};
			name = Release;
		};
		4D4D6E5D28C136DE005D5C91 /* Debug */ = {
			isa = XCBuildConfiguration;
			buildSettings = {
				ALWAYS_EMBED_SWIFT_STANDARD_LIBRARIES = YES;
				CODE_SIGN_STYLE = Automatic;
				CURRENT_PROJECT_VERSION = 1;
				DEVELOPMENT_TEAM = SJHNKGG86R;
				GENERATE_INFOPLIST_FILE = YES;
				IPHONEOS_DEPLOYMENT_TARGET = 15.5;
				MARKETING_VERSION = 1.0;
				PRODUCT_BUNDLE_IDENTIFIER = "com.SwiftDevJournal.Tests-iOS";
				PRODUCT_NAME = "$(TARGET_NAME)";
				SDKROOT = iphoneos;
				SWIFT_EMIT_LOC_STRINGS = NO;
				SWIFT_VERSION = 5.0;
				TARGETED_DEVICE_FAMILY = "1,2";
				TEST_TARGET_NAME = "PersonalIssueTracker (iOS)";
			};
			name = Debug;
		};
		4D4D6E5E28C136DE005D5C91 /* Release */ = {
			isa = XCBuildConfiguration;
			buildSettings = {
				ALWAYS_EMBED_SWIFT_STANDARD_LIBRARIES = YES;
				CODE_SIGN_STYLE = Automatic;
				CURRENT_PROJECT_VERSION = 1;
				DEVELOPMENT_TEAM = SJHNKGG86R;
				GENERATE_INFOPLIST_FILE = YES;
				IPHONEOS_DEPLOYMENT_TARGET = 15.5;
				MARKETING_VERSION = 1.0;
				PRODUCT_BUNDLE_IDENTIFIER = "com.SwiftDevJournal.Tests-iOS";
				PRODUCT_NAME = "$(TARGET_NAME)";
				SDKROOT = iphoneos;
				SWIFT_EMIT_LOC_STRINGS = NO;
				SWIFT_VERSION = 5.0;
				TARGETED_DEVICE_FAMILY = "1,2";
				TEST_TARGET_NAME = "PersonalIssueTracker (iOS)";
				VALIDATE_PRODUCT = YES;
			};
			name = Release;
		};
		4D4D6E6028C136DE005D5C91 /* Debug */ = {
			isa = XCBuildConfiguration;
			buildSettings = {
				ALWAYS_EMBED_SWIFT_STANDARD_LIBRARIES = YES;
				CODE_SIGN_STYLE = Automatic;
				CURRENT_PROJECT_VERSION = 1;
				DEVELOPMENT_TEAM = SJHNKGG86R;
				GENERATE_INFOPLIST_FILE = YES;
				MACOSX_DEPLOYMENT_TARGET = 12.3;
				MARKETING_VERSION = 1.0;
				PRODUCT_BUNDLE_IDENTIFIER = "com.SwiftDevJournal.Tests-macOS";
				PRODUCT_NAME = "$(TARGET_NAME)";
				SDKROOT = macosx;
				SWIFT_EMIT_LOC_STRINGS = NO;
				SWIFT_VERSION = 5.0;
				TEST_TARGET_NAME = "PersonalIssueTracker (macOS)";
			};
			name = Debug;
		};
		4D4D6E6128C136DE005D5C91 /* Release */ = {
			isa = XCBuildConfiguration;
			buildSettings = {
				ALWAYS_EMBED_SWIFT_STANDARD_LIBRARIES = YES;
				CODE_SIGN_STYLE = Automatic;
				CURRENT_PROJECT_VERSION = 1;
				DEVELOPMENT_TEAM = SJHNKGG86R;
				GENERATE_INFOPLIST_FILE = YES;
				MACOSX_DEPLOYMENT_TARGET = 12.3;
				MARKETING_VERSION = 1.0;
				PRODUCT_BUNDLE_IDENTIFIER = "com.SwiftDevJournal.Tests-macOS";
				PRODUCT_NAME = "$(TARGET_NAME)";
				SDKROOT = macosx;
				SWIFT_EMIT_LOC_STRINGS = NO;
				SWIFT_VERSION = 5.0;
				TEST_TARGET_NAME = "PersonalIssueTracker (macOS)";
			};
			name = Release;
		};
/* End XCBuildConfiguration section */

/* Begin XCConfigurationList section */
		4D4D6E1D28C136DC005D5C91 /* Build configuration list for PBXProject "PersonalIssueTracker" */ = {
			isa = XCConfigurationList;
			buildConfigurations = (
				4D4D6E5428C136DE005D5C91 /* Debug */,
				4D4D6E5528C136DE005D5C91 /* Release */,
			);
			defaultConfigurationIsVisible = 0;
			defaultConfigurationName = Release;
		};
		4D4D6E5628C136DE005D5C91 /* Build configuration list for PBXNativeTarget "PersonalIssueTracker (iOS)" */ = {
			isa = XCConfigurationList;
			buildConfigurations = (
				4D4D6E5728C136DE005D5C91 /* Debug */,
				4D4D6E5828C136DE005D5C91 /* Release */,
			);
			defaultConfigurationIsVisible = 0;
			defaultConfigurationName = Release;
		};
		4D4D6E5928C136DE005D5C91 /* Build configuration list for PBXNativeTarget "PersonalIssueTracker (macOS)" */ = {
			isa = XCConfigurationList;
			buildConfigurations = (
				4D4D6E5A28C136DE005D5C91 /* Debug */,
				4D4D6E5B28C136DE005D5C91 /* Release */,
			);
			defaultConfigurationIsVisible = 0;
			defaultConfigurationName = Release;
		};
		4D4D6E5C28C136DE005D5C91 /* Build configuration list for PBXNativeTarget "Tests iOS" */ = {
			isa = XCConfigurationList;
			buildConfigurations = (
				4D4D6E5D28C136DE005D5C91 /* Debug */,
				4D4D6E5E28C136DE005D5C91 /* Release */,
			);
			defaultConfigurationIsVisible = 0;
			defaultConfigurationName = Release;
		};
		4D4D6E5F28C136DE005D5C91 /* Build configuration list for PBXNativeTarget "Tests macOS" */ = {
			isa = XCConfigurationList;
			buildConfigurations = (
				4D4D6E6028C136DE005D5C91 /* Debug */,
				4D4D6E6128C136DE005D5C91 /* Release */,
			);
			defaultConfigurationIsVisible = 0;
			defaultConfigurationName = Release;
		};
/* End XCConfigurationList section */

/* Begin XCVersionGroup section */
		4D4D6E1F28C136DC005D5C91 /* PersonalIssueTracker.xcdatamodeld */ = {
			isa = XCVersionGroup;
			children = (
				4D4D6E2028C136DC005D5C91 /* Shared.xcdatamodel */,
			);
			currentVersion = 4D4D6E2028C136DC005D5C91 /* Shared.xcdatamodel */;
			path = PersonalIssueTracker.xcdatamodeld;
			sourceTree = "<group>";
			versionGroupType = wrapper.xcdatamodel;
		};
/* End XCVersionGroup section */
	};
	rootObject = 4D4D6E1A28C136DC005D5C91 /* Project object */;
}
